
Microsoft Visual Studio Solution File, Format Version 12.00
# Visual Studio Version 16
VisualStudioVersion = 16.0.31205.134
MinimumVisualStudioVersion = 10.0.40219.1
Project("{FAE04EC0-301F-11D3-BF4B-00C04F79EFBC}") = "PresnikovSA.App1", "PresnikovSA.App1\PresnikovSA.App1.csproj", "{5A8376EE-BB7D-45BF-8445-CB6A33502C5A}"
EndProject
Global
	GlobalSection(SolutionConfigurationPlatforms) = preSolution
		Debug|Any CPU = Debug|Any CPU
		Release|Any CPU = Release|Any CPU
	EndGlobalSection
	GlobalSection(ProjectConfigurationPlatforms) = postSolution
		{5A8376EE-BB7D-45BF-8445-CB6A33502C5A}.Debug|Any CPU.ActiveCfg = Debug|Any CPU
		{5A8376EE-BB7D-45BF-8445-CB6A33502C5A}.Debug|Any CPU.Build.0 = Debug|Any CPU
		{5A8376EE-BB7D-45BF-8445-CB6A33502C5A}.Release|Any CPU.ActiveCfg = Release|Any CPU
		{5A8376EE-BB7D-45BF-8445-CB6A33502C5A}.Release|Any CPU.Build.0 = Release|Any CPU
	EndGlobalSection
	GlobalSection(SolutionProperties) = preSolution
		HideSolutionNode = FALSE
	EndGlobalSection
	GlobalSection(ExtensibilityGlobals) = postSolution
		SolutionGuid = {8BA4535B-3773-445E-BF22-2B23966C2B30}
	EndGlobalSection
EndGlobal
