
Microsoft Visual Studio Solution File, Format Version 12.00
# Visual Studio Version 16
VisualStudioVersion = 16.0.31205.134
MinimumVisualStudioVersion = 10.0.40219.1
Project("{FAE04EC0-301F-11D3-BF4B-00C04F79EFBC}") = "PresnikovSA.App1", "PresnikovSA.App1\PresnikovSA.App1.csproj", "{45D03FF2-264F-43D4-88F9-6685EB450E04}"
EndProject
Global
	GlobalSection(SolutionConfigurationPlatforms) = preSolution
		Debug|Any CPU = Debug|Any CPU
		Release|Any CPU = Release|Any CPU
	EndGlobalSection
	GlobalSection(ProjectConfigurationPlatforms) = postSolution
		{45D03FF2-264F-43D4-88F9-6685EB450E04}.Debug|Any CPU.ActiveCfg = Debug|Any CPU
		{45D03FF2-264F-43D4-88F9-6685EB450E04}.Debug|Any CPU.Build.0 = Debug|Any CPU
		{45D03FF2-264F-43D4-88F9-6685EB450E04}.Release|Any CPU.ActiveCfg = Release|Any CPU
		{45D03FF2-264F-43D4-88F9-6685EB450E04}.Release|Any CPU.Build.0 = Release|Any CPU
	EndGlobalSection
	GlobalSection(SolutionProperties) = preSolution
		HideSolutionNode = FALSE
	EndGlobalSection
	GlobalSection(ExtensibilityGlobals) = postSolution
		SolutionGuid = {A3B7FD3C-7809-4BA0-AED0-A94517B29C39}
	EndGlobalSection
EndGlobal
